// !$*UTF8*$!
{
	archiveVersion = 1;
	classes = {
	};
	objectVersion = 56;
	objects = {

/* Begin PBXBuildFile section */
		D9343C58299BAE5000489ED1 /* ChannelCell.swift in Sources */ = {isa = PBXBuildFile; fileRef = D9343C56299BAE5000489ED1 /* ChannelCell.swift */; };
		D9343C59299BAE5000489ED1 /* ChannelCell.xib in Resources */ = {isa = PBXBuildFile; fileRef = D9343C57299BAE5000489ED1 /* ChannelCell.xib */; };
		D9343C5C299BAEDB00489ED1 /* ProgramCell.swift in Sources */ = {isa = PBXBuildFile; fileRef = D9343C5A299BAEDB00489ED1 /* ProgramCell.swift */; };
		D9343C5D299BAEDB00489ED1 /* ProgramCell.xib in Resources */ = {isa = PBXBuildFile; fileRef = D9343C5B299BAEDB00489ED1 /* ProgramCell.xib */; };
		D9343C60299BAEEF00489ED1 /* HeaderCell.swift in Sources */ = {isa = PBXBuildFile; fileRef = D9343C5E299BAEEF00489ED1 /* HeaderCell.swift */; };
		D9343C61299BAEEF00489ED1 /* HeaderCell.xib in Resources */ = {isa = PBXBuildFile; fileRef = D9343C5F299BAEEF00489ED1 /* HeaderCell.xib */; };
		D9343C63299BD01300489ED1 /* NSObject.swift in Sources */ = {isa = PBXBuildFile; fileRef = D9343C62299BD01300489ED1 /* NSObject.swift */; };
		D9343C66299D13EC00489ED1 /* Date.swift in Sources */ = {isa = PBXBuildFile; fileRef = D9343C65299D13EC00489ED1 /* Date.swift */; };
		D9343C68299E3E2300489ED1 /* Array.swift in Sources */ = {isa = PBXBuildFile; fileRef = D9343C67299E3E2300489ED1 /* Array.swift */; };
		D947331F299A524100B8D2CF /* AppDelegate.swift in Sources */ = {isa = PBXBuildFile; fileRef = D947331E299A524100B8D2CF /* AppDelegate.swift */; };
		D9473326299A524100B8D2CF /* Assets.xcassets in Resources */ = {isa = PBXBuildFile; fileRef = D9473325299A524100B8D2CF /* Assets.xcassets */; };
		D9473329299A524100B8D2CF /* LaunchScreen.storyboard in Resources */ = {isa = PBXBuildFile; fileRef = D9473327299A524100B8D2CF /* LaunchScreen.storyboard */; };
		D947334F299A55EF00B8D2CF /* Channel.swift in Sources */ = {isa = PBXBuildFile; fileRef = D947334E299A55EF00B8D2CF /* Channel.swift */; };
		D9473351299A576500B8D2CF /* APIBoy.swift in Sources */ = {isa = PBXBuildFile; fileRef = D9473350299A576500B8D2CF /* APIBoy.swift */; };
		D9473354299A57B700B8D2CF /* Alamofire in Frameworks */ = {isa = PBXBuildFile; productRef = D9473353299A57B700B8D2CF /* Alamofire */; };
		D9473356299A587000B8D2CF /* DataRequest.swift in Sources */ = {isa = PBXBuildFile; fileRef = D9473355299A587000B8D2CF /* DataRequest.swift */; };
		D947335B299A5A1E00B8D2CF /* UIApplication.swift in Sources */ = {isa = PBXBuildFile; fileRef = D947335A299A5A1E00B8D2CF /* UIApplication.swift */; };
		D947335D299A5B9B00B8D2CF /* ProgramItem.swift in Sources */ = {isa = PBXBuildFile; fileRef = D947335C299A5B9B00B8D2CF /* ProgramItem.swift */; };
		D9473361299A5C4F00B8D2CF /* Constants.swift in Sources */ = {isa = PBXBuildFile; fileRef = D9473360299A5C4F00B8D2CF /* Constants.swift */; };
		D9473371299A7D7200B8D2CF /* ShedulePresenter.swift in Sources */ = {isa = PBXBuildFile; fileRef = D947336B299A7D7200B8D2CF /* ShedulePresenter.swift */; };
		D9473372299A7D7200B8D2CF /* SheduleRouter.swift in Sources */ = {isa = PBXBuildFile; fileRef = D947336C299A7D7200B8D2CF /* SheduleRouter.swift */; };
		D9473373299A7D7200B8D2CF /* SheduleContracts.swift in Sources */ = {isa = PBXBuildFile; fileRef = D947336D299A7D7200B8D2CF /* SheduleContracts.swift */; };
		D9473374299A7D7200B8D2CF /* SheduleInteractor.swift in Sources */ = {isa = PBXBuildFile; fileRef = D947336E299A7D7200B8D2CF /* SheduleInteractor.swift */; };
		D9473375299A7D7200B8D2CF /* SheduleVC.swift in Sources */ = {isa = PBXBuildFile; fileRef = D947336F299A7D7200B8D2CF /* SheduleVC.swift */; };
		D9473376299A7D7200B8D2CF /* ShedulePageBuilder.swift in Sources */ = {isa = PBXBuildFile; fileRef = D9473370299A7D7200B8D2CF /* ShedulePageBuilder.swift */; };
		D947337F299A9B9E00B8D2CF /* ViewController.swift in Sources */ = {isa = PBXBuildFile; fileRef = D947337E299A9B9E00B8D2CF /* ViewController.swift */; };
		D9473384299ABD7D00B8D2CF /* DependencyInjector.swift in Sources */ = {isa = PBXBuildFile; fileRef = D9473383299ABD7D00B8D2CF /* DependencyInjector.swift */; };
		D9473387299AC0B800B8D2CF /* Swinject in Frameworks */ = {isa = PBXBuildFile; productRef = D9473386299AC0B800B8D2CF /* Swinject */; };
		D9473389299AE16B00B8D2CF /* DailyProgram.swift in Sources */ = {isa = PBXBuildFile; fileRef = D9473388299AE16B00B8D2CF /* DailyProgram.swift */; };
/* End PBXBuildFile section */

/* Begin PBXFileReference section */
		D9343C56299BAE5000489ED1 /* ChannelCell.swift */ = {isa = PBXFileReference; lastKnownFileType = sourcecode.swift; path = ChannelCell.swift; sourceTree = "<group>"; };
		D9343C57299BAE5000489ED1 /* ChannelCell.xib */ = {isa = PBXFileReference; lastKnownFileType = file.xib; path = ChannelCell.xib; sourceTree = "<group>"; };
		D9343C5A299BAEDB00489ED1 /* ProgramCell.swift */ = {isa = PBXFileReference; lastKnownFileType = sourcecode.swift; path = ProgramCell.swift; sourceTree = "<group>"; };
		D9343C5B299BAEDB00489ED1 /* ProgramCell.xib */ = {isa = PBXFileReference; lastKnownFileType = file.xib; path = ProgramCell.xib; sourceTree = "<group>"; };
		D9343C5E299BAEEF00489ED1 /* HeaderCell.swift */ = {isa = PBXFileReference; lastKnownFileType = sourcecode.swift; path = HeaderCell.swift; sourceTree = "<group>"; };
		D9343C5F299BAEEF00489ED1 /* HeaderCell.xib */ = {isa = PBXFileReference; lastKnownFileType = file.xib; path = HeaderCell.xib; sourceTree = "<group>"; };
		D9343C62299BD01300489ED1 /* NSObject.swift */ = {isa = PBXFileReference; lastKnownFileType = sourcecode.swift; path = NSObject.swift; sourceTree = "<group>"; };
		D9343C65299D13EC00489ED1 /* Date.swift */ = {isa = PBXFileReference; lastKnownFileType = sourcecode.swift; path = Date.swift; sourceTree = "<group>"; };
		D9343C67299E3E2300489ED1 /* Array.swift */ = {isa = PBXFileReference; lastKnownFileType = sourcecode.swift; path = Array.swift; sourceTree = "<group>"; };
		D947331B299A524100B8D2CF /* tvschedule.app */ = {isa = PBXFileReference; explicitFileType = wrapper.application; includeInIndex = 0; path = tvschedule.app; sourceTree = BUILT_PRODUCTS_DIR; };
		D947331E299A524100B8D2CF /* AppDelegate.swift */ = {isa = PBXFileReference; lastKnownFileType = sourcecode.swift; path = AppDelegate.swift; sourceTree = "<group>"; };
		D9473325299A524100B8D2CF /* Assets.xcassets */ = {isa = PBXFileReference; lastKnownFileType = folder.assetcatalog; path = Assets.xcassets; sourceTree = "<group>"; };
		D9473328299A524100B8D2CF /* Base */ = {isa = PBXFileReference; lastKnownFileType = file.storyboard; name = Base; path = Base.lproj/LaunchScreen.storyboard; sourceTree = "<group>"; };
		D947334E299A55EF00B8D2CF /* Channel.swift */ = {isa = PBXFileReference; lastKnownFileType = sourcecode.swift; path = Channel.swift; sourceTree = "<group>"; };
		D9473350299A576500B8D2CF /* APIBoy.swift */ = {isa = PBXFileReference; lastKnownFileType = sourcecode.swift; path = APIBoy.swift; sourceTree = "<group>"; };
		D9473355299A587000B8D2CF /* DataRequest.swift */ = {isa = PBXFileReference; lastKnownFileType = sourcecode.swift; path = DataRequest.swift; sourceTree = "<group>"; };
		D947335A299A5A1E00B8D2CF /* UIApplication.swift */ = {isa = PBXFileReference; lastKnownFileType = sourcecode.swift; path = UIApplication.swift; sourceTree = "<group>"; };
		D947335C299A5B9B00B8D2CF /* ProgramItem.swift */ = {isa = PBXFileReference; lastKnownFileType = sourcecode.swift; path = ProgramItem.swift; sourceTree = "<group>"; };
		D9473360299A5C4F00B8D2CF /* Constants.swift */ = {isa = PBXFileReference; lastKnownFileType = sourcecode.swift; path = Constants.swift; sourceTree = "<group>"; };
		D947336B299A7D7200B8D2CF /* ShedulePresenter.swift */ = {isa = PBXFileReference; lastKnownFileType = sourcecode.swift; path = ShedulePresenter.swift; sourceTree = "<group>"; };
		D947336C299A7D7200B8D2CF /* SheduleRouter.swift */ = {isa = PBXFileReference; lastKnownFileType = sourcecode.swift; path = SheduleRouter.swift; sourceTree = "<group>"; };
		D947336D299A7D7200B8D2CF /* SheduleContracts.swift */ = {isa = PBXFileReference; lastKnownFileType = sourcecode.swift; path = SheduleContracts.swift; sourceTree = "<group>"; };
		D947336E299A7D7200B8D2CF /* SheduleInteractor.swift */ = {isa = PBXFileReference; lastKnownFileType = sourcecode.swift; path = SheduleInteractor.swift; sourceTree = "<group>"; };
		D947336F299A7D7200B8D2CF /* SheduleVC.swift */ = {isa = PBXFileReference; lastKnownFileType = sourcecode.swift; path = SheduleVC.swift; sourceTree = "<group>"; };
		D9473370299A7D7200B8D2CF /* ShedulePageBuilder.swift */ = {isa = PBXFileReference; lastKnownFileType = sourcecode.swift; path = ShedulePageBuilder.swift; sourceTree = "<group>"; };
		D947337E299A9B9E00B8D2CF /* ViewController.swift */ = {isa = PBXFileReference; fileEncoding = 4; lastKnownFileType = sourcecode.swift; path = ViewController.swift; sourceTree = "<group>"; };
		D9473383299ABD7D00B8D2CF /* DependencyInjector.swift */ = {isa = PBXFileReference; lastKnownFileType = sourcecode.swift; path = DependencyInjector.swift; sourceTree = "<group>"; };
		D9473388299AE16B00B8D2CF /* DailyProgram.swift */ = {isa = PBXFileReference; lastKnownFileType = sourcecode.swift; path = DailyProgram.swift; sourceTree = "<group>"; };
/* End PBXFileReference section */

/* Begin PBXFrameworksBuildPhase section */
		D9473318299A524100B8D2CF /* Frameworks */ = {
			isa = PBXFrameworksBuildPhase;
			buildActionMask = 2147483647;
			files = (
				D9473354299A57B700B8D2CF /* Alamofire in Frameworks */,
				D9473387299AC0B800B8D2CF /* Swinject in Frameworks */,
			);
			runOnlyForDeploymentPostprocessing = 0;
		};
/* End PBXFrameworksBuildPhase section */

/* Begin PBXGroup section */
		D9343C55299BAE2800489ED1 /* Cells */ = {
			isa = PBXGroup;
			children = (
				D9343C56299BAE5000489ED1 /* ChannelCell.swift */,
				D9343C57299BAE5000489ED1 /* ChannelCell.xib */,
				D9343C5A299BAEDB00489ED1 /* ProgramCell.swift */,
				D9343C5B299BAEDB00489ED1 /* ProgramCell.xib */,
				D9343C5E299BAEEF00489ED1 /* HeaderCell.swift */,
				D9343C5F299BAEEF00489ED1 /* HeaderCell.xib */,
			);
			path = Cells;
			sourceTree = "<group>";
		};
		D9343C64299BD69300489ED1 /* Extension */ = {
			isa = PBXGroup;
			children = (
				D9473355299A587000B8D2CF /* DataRequest.swift */,
				D9343C65299D13EC00489ED1 /* Date.swift */,
			);
			path = Extension;
			sourceTree = "<group>";
		};
		D9473312299A524100B8D2CF = {
			isa = PBXGroup;
			children = (
				D947331D299A524100B8D2CF /* tvschedule */,
				D947331C299A524100B8D2CF /* Products */,
			);
			sourceTree = "<group>";
		};
		D947331C299A524100B8D2CF /* Products */ = {
			isa = PBXGroup;
			children = (
				D947331B299A524100B8D2CF /* tvschedule.app */,
			);
			name = Products;
			sourceTree = "<group>";
		};
		D947331D299A524100B8D2CF /* tvschedule */ = {
			isa = PBXGroup;
			children = (
				D9473330299A526700B8D2CF /* Global */,
				D947336A299A796100B8D2CF /* Modules */,
				D947334C299A557C00B8D2CF /* Services */,
				D947338A299AE61E00B8D2CF /* Models */,
				D947332F299A525300B8D2CF /* Resources */,
			);
			path = tvschedule;
			sourceTree = "<group>";
		};
		D947332F299A525300B8D2CF /* Resources */ = {
			isa = PBXGroup;
			children = (
				D9473327299A524100B8D2CF /* LaunchScreen.storyboard */,
				D9473325299A524100B8D2CF /* Assets.xcassets */,
			);
			path = Resources;
			sourceTree = "<group>";
		};
		D9473330299A526700B8D2CF /* Global */ = {
			isa = PBXGroup;
			children = (
				D947331E299A524100B8D2CF /* AppDelegate.swift */,
				D9473357299A593A00B8D2CF /* Extensions */,
			);
			path = Global;
			sourceTree = "<group>";
		};
		D947334C299A557C00B8D2CF /* Services */ = {
			isa = PBXGroup;
			children = (
				D9473383299ABD7D00B8D2CF /* DependencyInjector.swift */,
				D9473350299A576500B8D2CF /* APIBoy.swift */,
				D9473360299A5C4F00B8D2CF /* Constants.swift */,
				D947334D299A559500B8D2CF /* ApiModels */,
				D9343C64299BD69300489ED1 /* Extension */,
			);
			path = Services;
			sourceTree = "<group>";
		};
		D947334D299A559500B8D2CF /* ApiModels */ = {
			isa = PBXGroup;
			children = (
				D947334E299A55EF00B8D2CF /* Channel.swift */,
				D947335C299A5B9B00B8D2CF /* ProgramItem.swift */,
			);
			path = ApiModels;
			sourceTree = "<group>";
		};
		D9473357299A593A00B8D2CF /* Extensions */ = {
			isa = PBXGroup;
			children = (
				D947337E299A9B9E00B8D2CF /* ViewController.swift */,
				D947335A299A5A1E00B8D2CF /* UIApplication.swift */,
				D9343C62299BD01300489ED1 /* NSObject.swift */,
				D9343C67299E3E2300489ED1 /* Array.swift */,
			);
			path = Extensions;
			sourceTree = "<group>";
		};
		D947336A299A796100B8D2CF /* Modules */ = {
			isa = PBXGroup;
			children = (
				D9473377299A7D7700B8D2CF /* Shedule */,
			);
			path = Modules;
			sourceTree = "<group>";
		};
		D9473377299A7D7700B8D2CF /* Shedule */ = {
			isa = PBXGroup;
			children = (
				D9343C55299BAE2800489ED1 /* Cells */,
				D947336B299A7D7200B8D2CF /* ShedulePresenter.swift */,
				D947336C299A7D7200B8D2CF /* SheduleRouter.swift */,
				D947336D299A7D7200B8D2CF /* SheduleContracts.swift */,
				D947336E299A7D7200B8D2CF /* SheduleInteractor.swift */,
				D947336F299A7D7200B8D2CF /* SheduleVC.swift */,
				D9473370299A7D7200B8D2CF /* ShedulePageBuilder.swift */,
			);
			path = Shedule;
			sourceTree = "<group>";
		};
		D947338A299AE61E00B8D2CF /* Models */ = {
			isa = PBXGroup;
			children = (
				D9473388299AE16B00B8D2CF /* DailyProgram.swift */,
			);
			path = Models;
			sourceTree = "<group>";
		};
/* End PBXGroup section */

/* Begin PBXNativeTarget section */
		D947331A299A524100B8D2CF /* tvschedule */ = {
			isa = PBXNativeTarget;
			buildConfigurationList = D947332C299A524100B8D2CF /* Build configuration list for PBXNativeTarget "tvschedule" */;
			buildPhases = (
				D9473317299A524100B8D2CF /* Sources */,
				D9473318299A524100B8D2CF /* Frameworks */,
				D9473319299A524100B8D2CF /* Resources */,
			);
			buildRules = (
			);
			dependencies = (
			);
			name = tvschedule;
			packageProductDependencies = (
				D9473353299A57B700B8D2CF /* Alamofire */,
				D9473386299AC0B800B8D2CF /* Swinject */,
			);
			productName = tvschedule;
			productReference = D947331B299A524100B8D2CF /* tvschedule.app */;
			productType = "com.apple.product-type.application";
		};
/* End PBXNativeTarget section */

/* Begin PBXProject section */
		D9473313299A524100B8D2CF /* Project object */ = {
			isa = PBXProject;
			attributes = {
				BuildIndependentTargetsInParallel = 1;
				LastSwiftUpdateCheck = 1420;
				LastUpgradeCheck = 1420;
				TargetAttributes = {
					D947331A299A524100B8D2CF = {
						CreatedOnToolsVersion = 14.2;
					};
				};
			};
			buildConfigurationList = D9473316299A524100B8D2CF /* Build configuration list for PBXProject "tvschedule" */;
			compatibilityVersion = "Xcode 14.0";
			developmentRegion = en;
			hasScannedForEncodings = 0;
			knownRegions = (
				en,
				Base,
			);
			mainGroup = D9473312299A524100B8D2CF;
			packageReferences = (
				D9473352299A57B700B8D2CF /* XCRemoteSwiftPackageReference "Alamofire" */,
				D9473385299AC0B800B8D2CF /* XCRemoteSwiftPackageReference "Swinject" */,
			);
			productRefGroup = D947331C299A524100B8D2CF /* Products */;
			projectDirPath = "";
			projectRoot = "";
			targets = (
				D947331A299A524100B8D2CF /* tvschedule */,
			);
		};
/* End PBXProject section */

/* Begin PBXResourcesBuildPhase section */
		D9473319299A524100B8D2CF /* Resources */ = {
			isa = PBXResourcesBuildPhase;
			buildActionMask = 2147483647;
			files = (
				D9343C5D299BAEDB00489ED1 /* ProgramCell.xib in Resources */,
				D9473329299A524100B8D2CF /* LaunchScreen.storyboard in Resources */,
				D9343C59299BAE5000489ED1 /* ChannelCell.xib in Resources */,
				D9343C61299BAEEF00489ED1 /* HeaderCell.xib in Resources */,
				D9473326299A524100B8D2CF /* Assets.xcassets in Resources */,
			);
			runOnlyForDeploymentPostprocessing = 0;
		};
/* End PBXResourcesBuildPhase section */

/* Begin PBXSourcesBuildPhase section */
		D9473317299A524100B8D2CF /* Sources */ = {
			isa = PBXSourcesBuildPhase;
			buildActionMask = 2147483647;
			files = (
				D9473389299AE16B00B8D2CF /* DailyProgram.swift in Sources */,
				D9343C58299BAE5000489ED1 /* ChannelCell.swift in Sources */,
				D9473376299A7D7200B8D2CF /* ShedulePageBuilder.swift in Sources */,
				D9473372299A7D7200B8D2CF /* SheduleRouter.swift in Sources */,
				D947335D299A5B9B00B8D2CF /* ProgramItem.swift in Sources */,
				D9473356299A587000B8D2CF /* DataRequest.swift in Sources */,
				D947337F299A9B9E00B8D2CF /* ViewController.swift in Sources */,
				D9473371299A7D7200B8D2CF /* ShedulePresenter.swift in Sources */,
				D947334F299A55EF00B8D2CF /* Channel.swift in Sources */,
				D9343C5C299BAEDB00489ED1 /* ProgramCell.swift in Sources */,
				D9473375299A7D7200B8D2CF /* SheduleVC.swift in Sources */,
				D9473384299ABD7D00B8D2CF /* DependencyInjector.swift in Sources */,
				D9473351299A576500B8D2CF /* APIBoy.swift in Sources */,
				D9473374299A7D7200B8D2CF /* SheduleInteractor.swift in Sources */,
				D947335B299A5A1E00B8D2CF /* UIApplication.swift in Sources */,
				D9343C63299BD01300489ED1 /* NSObject.swift in Sources */,
				D9343C66299D13EC00489ED1 /* Date.swift in Sources */,
				D9343C68299E3E2300489ED1 /* Array.swift in Sources */,
				D9343C60299BAEEF00489ED1 /* HeaderCell.swift in Sources */,
				D9473373299A7D7200B8D2CF /* SheduleContracts.swift in Sources */,
				D9473361299A5C4F00B8D2CF /* Constants.swift in Sources */,
				D947331F299A524100B8D2CF /* AppDelegate.swift in Sources */,
			);
			runOnlyForDeploymentPostprocessing = 0;
		};
/* End PBXSourcesBuildPhase section */

/* Begin PBXVariantGroup section */
		D9473327299A524100B8D2CF /* LaunchScreen.storyboard */ = {
			isa = PBXVariantGroup;
			children = (
				D9473328299A524100B8D2CF /* Base */,
			);
			name = LaunchScreen.storyboard;
			sourceTree = "<group>";
		};
/* End PBXVariantGroup section */

/* Begin XCBuildConfiguration section */
		D947332A299A524100B8D2CF /* Debug */ = {
			isa = XCBuildConfiguration;
			buildSettings = {
				ALWAYS_SEARCH_USER_PATHS = NO;
				CLANG_ANALYZER_NONNULL = YES;
				CLANG_ANALYZER_NUMBER_OBJECT_CONVERSION = YES_AGGRESSIVE;
				CLANG_CXX_LANGUAGE_STANDARD = "gnu++20";
				CLANG_ENABLE_MODULES = YES;
				CLANG_ENABLE_OBJC_ARC = YES;
				CLANG_ENABLE_OBJC_WEAK = YES;
				CLANG_WARN_BLOCK_CAPTURE_AUTORELEASING = YES;
				CLANG_WARN_BOOL_CONVERSION = YES;
				CLANG_WARN_COMMA = YES;
				CLANG_WARN_CONSTANT_CONVERSION = YES;
				CLANG_WARN_DEPRECATED_OBJC_IMPLEMENTATIONS = YES;
				CLANG_WARN_DIRECT_OBJC_ISA_USAGE = YES_ERROR;
				CLANG_WARN_DOCUMENTATION_COMMENTS = YES;
				CLANG_WARN_EMPTY_BODY = YES;
				CLANG_WARN_ENUM_CONVERSION = YES;
				CLANG_WARN_INFINITE_RECURSION = YES;
				CLANG_WARN_INT_CONVERSION = YES;
				CLANG_WARN_NON_LITERAL_NULL_CONVERSION = YES;
				CLANG_WARN_OBJC_IMPLICIT_RETAIN_SELF = YES;
				CLANG_WARN_OBJC_LITERAL_CONVERSION = YES;
				CLANG_WARN_OBJC_ROOT_CLASS = YES_ERROR;
				CLANG_WARN_QUOTED_INCLUDE_IN_FRAMEWORK_HEADER = YES;
				CLANG_WARN_RANGE_LOOP_ANALYSIS = YES;
				CLANG_WARN_STRICT_PROTOTYPES = YES;
				CLANG_WARN_SUSPICIOUS_MOVE = YES;
				CLANG_WARN_UNGUARDED_AVAILABILITY = YES_AGGRESSIVE;
				CLANG_WARN_UNREACHABLE_CODE = YES;
				CLANG_WARN__DUPLICATE_METHOD_MATCH = YES;
				COPY_PHASE_STRIP = NO;
				DEBUG_INFORMATION_FORMAT = dwarf;
				ENABLE_STRICT_OBJC_MSGSEND = YES;
				ENABLE_TESTABILITY = YES;
				GCC_C_LANGUAGE_STANDARD = gnu11;
				GCC_DYNAMIC_NO_PIC = NO;
				GCC_NO_COMMON_BLOCKS = YES;
				GCC_OPTIMIZATION_LEVEL = 0;
				GCC_PREPROCESSOR_DEFINITIONS = (
					"DEBUG=1",
					"$(inherited)",
				);
				GCC_WARN_64_TO_32_BIT_CONVERSION = YES;
				GCC_WARN_ABOUT_RETURN_TYPE = YES_ERROR;
				GCC_WARN_UNDECLARED_SELECTOR = YES;
				GCC_WARN_UNINITIALIZED_AUTOS = YES_AGGRESSIVE;
				GCC_WARN_UNUSED_FUNCTION = YES;
				GCC_WARN_UNUSED_VARIABLE = YES;
				MTL_ENABLE_DEBUG_INFO = INCLUDE_SOURCE;
				MTL_FAST_MATH = YES;
				ONLY_ACTIVE_ARCH = YES;
				SDKROOT = appletvos;
				SWIFT_ACTIVE_COMPILATION_CONDITIONS = DEBUG;
				SWIFT_OPTIMIZATION_LEVEL = "-Onone";
				TVOS_DEPLOYMENT_TARGET = 16.1;
			};
			name = Debug;
		};
		D947332B299A524100B8D2CF /* Release */ = {
			isa = XCBuildConfiguration;
			buildSettings = {
				ALWAYS_SEARCH_USER_PATHS = NO;
				CLANG_ANALYZER_NONNULL = YES;
				CLANG_ANALYZER_NUMBER_OBJECT_CONVERSION = YES_AGGRESSIVE;
				CLANG_CXX_LANGUAGE_STANDARD = "gnu++20";
				CLANG_ENABLE_MODULES = YES;
				CLANG_ENABLE_OBJC_ARC = YES;
				CLANG_ENABLE_OBJC_WEAK = YES;
				CLANG_WARN_BLOCK_CAPTURE_AUTORELEASING = YES;
				CLANG_WARN_BOOL_CONVERSION = YES;
				CLANG_WARN_COMMA = YES;
				CLANG_WARN_CONSTANT_CONVERSION = YES;
				CLANG_WARN_DEPRECATED_OBJC_IMPLEMENTATIONS = YES;
				CLANG_WARN_DIRECT_OBJC_ISA_USAGE = YES_ERROR;
				CLANG_WARN_DOCUMENTATION_COMMENTS = YES;
				CLANG_WARN_EMPTY_BODY = YES;
				CLANG_WARN_ENUM_CONVERSION = YES;
				CLANG_WARN_INFINITE_RECURSION = YES;
				CLANG_WARN_INT_CONVERSION = YES;
				CLANG_WARN_NON_LITERAL_NULL_CONVERSION = YES;
				CLANG_WARN_OBJC_IMPLICIT_RETAIN_SELF = YES;
				CLANG_WARN_OBJC_LITERAL_CONVERSION = YES;
				CLANG_WARN_OBJC_ROOT_CLASS = YES_ERROR;
				CLANG_WARN_QUOTED_INCLUDE_IN_FRAMEWORK_HEADER = YES;
				CLANG_WARN_RANGE_LOOP_ANALYSIS = YES;
				CLANG_WARN_STRICT_PROTOTYPES = YES;
				CLANG_WARN_SUSPICIOUS_MOVE = YES;
				CLANG_WARN_UNGUARDED_AVAILABILITY = YES_AGGRESSIVE;
				CLANG_WARN_UNREACHABLE_CODE = YES;
				CLANG_WARN__DUPLICATE_METHOD_MATCH = YES;
				COPY_PHASE_STRIP = NO;
				DEBUG_INFORMATION_FORMAT = "dwarf-with-dsym";
				ENABLE_NS_ASSERTIONS = NO;
				ENABLE_STRICT_OBJC_MSGSEND = YES;
				GCC_C_LANGUAGE_STANDARD = gnu11;
				GCC_NO_COMMON_BLOCKS = YES;
				GCC_WARN_64_TO_32_BIT_CONVERSION = YES;
				GCC_WARN_ABOUT_RETURN_TYPE = YES_ERROR;
				GCC_WARN_UNDECLARED_SELECTOR = YES;
				GCC_WARN_UNINITIALIZED_AUTOS = YES_AGGRESSIVE;
				GCC_WARN_UNUSED_FUNCTION = YES;
				GCC_WARN_UNUSED_VARIABLE = YES;
				MTL_ENABLE_DEBUG_INFO = NO;
				MTL_FAST_MATH = YES;
				SDKROOT = appletvos;
				SWIFT_COMPILATION_MODE = wholemodule;
				SWIFT_OPTIMIZATION_LEVEL = "-O";
				TVOS_DEPLOYMENT_TARGET = 16.1;
				VALIDATE_PRODUCT = YES;
			};
			name = Release;
		};
		D947332D299A524100B8D2CF /* Debug */ = {
			isa = XCBuildConfiguration;
			buildSettings = {
				ASSETCATALOG_COMPILER_APPICON_NAME = "App Icon & Top Shelf Image";
				ASSETCATALOG_COMPILER_GLOBAL_ACCENT_COLOR_NAME = AccentColor;
				CODE_SIGN_STYLE = Automatic;
				CURRENT_PROJECT_VERSION = 1;
				DEVELOPMENT_TEAM = NKSA7HAL7S;
				GENERATE_INFOPLIST_FILE = YES;
				INFOPLIST_KEY_NSMainNibFile = "";
				INFOPLIST_KEY_UILaunchStoryboardName = LaunchScreen;
				INFOPLIST_KEY_UIMainStoryboardFile = LaunchScreen;
				INFOPLIST_KEY_UIUserInterfaceStyle = Automatic;
				LD_RUNPATH_SEARCH_PATHS = (
					"$(inherited)",
					"@executable_path/Frameworks",
				);
				MARKETING_VERSION = 1.0;
				PRODUCT_BUNDLE_IDENTIFIER = ankudinov.org.ua.tvschedule;
				PRODUCT_NAME = "$(TARGET_NAME)";
				SWIFT_EMIT_LOC_STRINGS = YES;
				SWIFT_VERSION = 5.0;
				TARGETED_DEVICE_FAMILY = 3;
			};
			name = Debug;
		};
		D947332E299A524100B8D2CF /* Release */ = {
			isa = XCBuildConfiguration;
			buildSettings = {
				ASSETCATALOG_COMPILER_APPICON_NAME = "App Icon & Top Shelf Image";
				ASSETCATALOG_COMPILER_GLOBAL_ACCENT_COLOR_NAME = AccentColor;
				CODE_SIGN_STYLE = Automatic;
				CURRENT_PROJECT_VERSION = 1;
				DEVELOPMENT_TEAM = NKSA7HAL7S;
				GENERATE_INFOPLIST_FILE = YES;
				INFOPLIST_KEY_NSMainNibFile = "";
				INFOPLIST_KEY_UILaunchStoryboardName = LaunchScreen;
				INFOPLIST_KEY_UIMainStoryboardFile = LaunchScreen;
				INFOPLIST_KEY_UIUserInterfaceStyle = Automatic;
				LD_RUNPATH_SEARCH_PATHS = (
					"$(inherited)",
					"@executable_path/Frameworks",
				);
				MARKETING_VERSION = 1.0;
				PRODUCT_BUNDLE_IDENTIFIER = ankudinov.org.ua.tvschedule;
				PRODUCT_NAME = "$(TARGET_NAME)";
				SWIFT_EMIT_LOC_STRINGS = YES;
				SWIFT_VERSION = 5.0;
				TARGETED_DEVICE_FAMILY = 3;
			};
			name = Release;
		};
/* End XCBuildConfiguration section */

/* Begin XCConfigurationList section */
		D9473316299A524100B8D2CF /* Build configuration list for PBXProject "tvschedule" */ = {
			isa = XCConfigurationList;
			buildConfigurations = (
				D947332A299A524100B8D2CF /* Debug */,
				D947332B299A524100B8D2CF /* Release */,
			);
			defaultConfigurationIsVisible = 0;
			defaultConfigurationName = Release;
		};
		D947332C299A524100B8D2CF /* Build configuration list for PBXNativeTarget "tvschedule" */ = {
			isa = XCConfigurationList;
			buildConfigurations = (
				D947332D299A524100B8D2CF /* Debug */,
				D947332E299A524100B8D2CF /* Release */,
			);
			defaultConfigurationIsVisible = 0;
			defaultConfigurationName = Release;
		};
/* End XCConfigurationList section */

/* Begin XCRemoteSwiftPackageReference section */
		D9473352299A57B700B8D2CF /* XCRemoteSwiftPackageReference "Alamofire" */ = {
			isa = XCRemoteSwiftPackageReference;
			repositoryURL = "https://github.com/Alamofire/Alamofire.git";
			requirement = {
				branch = master;
				kind = branch;
			};
		};
		D9473385299AC0B800B8D2CF /* XCRemoteSwiftPackageReference "Swinject" */ = {
			isa = XCRemoteSwiftPackageReference;
			repositoryURL = "https://github.com/Swinject/Swinject.git";
			requirement = {
				kind = upToNextMinorVersion;
				minimumVersion = 2.8.0;
			};
		};
/* End XCRemoteSwiftPackageReference section */

/* Begin XCSwiftPackageProductDependency section */
		D9473353299A57B700B8D2CF /* Alamofire */ = {
			isa = XCSwiftPackageProductDependency;
			package = D9473352299A57B700B8D2CF /* XCRemoteSwiftPackageReference "Alamofire" */;
			productName = Alamofire;
		};
		D9473386299AC0B800B8D2CF /* Swinject */ = {
			isa = XCSwiftPackageProductDependency;
			package = D9473385299AC0B800B8D2CF /* XCRemoteSwiftPackageReference "Swinject" */;
			productName = Swinject;
		};
/* End XCSwiftPackageProductDependency section */
	};
	rootObject = D9473313299A524100B8D2CF /* Project object */;
}
